
Microsoft Visual Studio Solution File, Format Version 12.00
# Visual Studio Version 16
VisualStudioVersion = 16.0.29926.136
MinimumVisualStudioVersion = 10.0.40219.1
Project("{FAE04EC0-301F-11D3-BF4B-00C04F79EFBC}") = "ListViewFilter", "ListViewFilter\ListViewFilter.csproj", "{1B11DDAD-601B-4DB5-937C-65DBCF8C4873}"
EndProject
Project("{FAE04EC0-301F-11D3-BF4B-00C04F79EFBC}") = "TestPages", "TestPages\TestPages.csproj", "{D1A915DC-10E4-4129-866B-D07461C6A02C}"
EndProject
Project("{FAE04EC0-301F-11D3-BF4B-00C04F79EFBC}") = "SharePointAddIn2016", "SharePointAddIn2016\SharePointAddIn2016.csproj", "{51B1C3FF-0445-4F08-8FBF-B13ECF075B20}"
EndProject
Project("{FAE04EC0-301F-11D3-BF4B-00C04F79EFBC}") = "CRSForms", "CRSForms\CRSForms.csproj", "{A0B526EF-2C50-4B78-A42A-C442CC929CFB}"
EndProject
Project("{FAE04EC0-301F-11D3-BF4B-00C04F79EFBC}") = "CallOutsAction", "CallOutsAction\CallOutsAction.csproj", "{FE6236FD-B8B8-4D37-8803-437FC736D16A}"
EndProject
Project("{FAE04EC0-301F-11D3-BF4B-00C04F79EFBC}") = "CMultiField", "CMultiField\CMultiField.csproj", "{F657F027-0A4A-4DC5-85BF-A39E6E26D8D5}"
EndProject
Project("{FAE04EC0-301F-11D3-BF4B-00C04F79EFBC}") = "CustomExternalLookup", "..\CustomExternalLookup\src\CustomExternalLookup\CustomExternalLookup.csproj", "{0FD258BF-C66A-4884-989C-B98647D3752D}"
EndProject
Project("{FAE04EC0-301F-11D3-BF4B-00C04F79EFBC}") = "CCSAdvancedAlerts", "..\CCSAdvancedAlerts\CCSAdvancedAlerts.csproj", "{834743F1-1F84-4C41-ADA6-BF107A17974D}"
EndProject
Project("{FAE04EC0-301F-11D3-BF4B-00C04F79EFBC}") = "XlstViewWebPart", "XlstViewWebPart\XlstViewWebPart.csproj", "{E2568279-65E7-4030-AB60-8796B23BA5C1}"
EndProject
Project("{2150E333-8FDC-42A3-9474-1A3956D46DE8}") = "CustomServiceApplication", "CustomServiceApplication", "{C40253CC-186B-45C7-8249-09043EC198C6}"
EndProject
Global
	GlobalSection(SolutionConfigurationPlatforms) = preSolution
		Debug|Any CPU = Debug|Any CPU
		Release|Any CPU = Release|Any CPU
	EndGlobalSection
	GlobalSection(ProjectConfigurationPlatforms) = postSolution
		{1B11DDAD-601B-4DB5-937C-65DBCF8C4873}.Debug|Any CPU.ActiveCfg = Debug|Any CPU
		{1B11DDAD-601B-4DB5-937C-65DBCF8C4873}.Debug|Any CPU.Build.0 = Debug|Any CPU
		{1B11DDAD-601B-4DB5-937C-65DBCF8C4873}.Debug|Any CPU.Deploy.0 = Debug|Any CPU
		{1B11DDAD-601B-4DB5-937C-65DBCF8C4873}.Release|Any CPU.ActiveCfg = Release|Any CPU
		{1B11DDAD-601B-4DB5-937C-65DBCF8C4873}.Release|Any CPU.Build.0 = Release|Any CPU
		{1B11DDAD-601B-4DB5-937C-65DBCF8C4873}.Release|Any CPU.Deploy.0 = Release|Any CPU
		{D1A915DC-10E4-4129-866B-D07461C6A02C}.Debug|Any CPU.ActiveCfg = Debug|Any CPU
		{D1A915DC-10E4-4129-866B-D07461C6A02C}.Debug|Any CPU.Build.0 = Debug|Any CPU
		{D1A915DC-10E4-4129-866B-D07461C6A02C}.Debug|Any CPU.Deploy.0 = Debug|Any CPU
		{D1A915DC-10E4-4129-866B-D07461C6A02C}.Release|Any CPU.ActiveCfg = Release|Any CPU
		{D1A915DC-10E4-4129-866B-D07461C6A02C}.Release|Any CPU.Build.0 = Release|Any CPU
		{D1A915DC-10E4-4129-866B-D07461C6A02C}.Release|Any CPU.Deploy.0 = Release|Any CPU
		{51B1C3FF-0445-4F08-8FBF-B13ECF075B20}.Debug|Any CPU.ActiveCfg = Debug|Any CPU
		{51B1C3FF-0445-4F08-8FBF-B13ECF075B20}.Debug|Any CPU.Build.0 = Debug|Any CPU
		{51B1C3FF-0445-4F08-8FBF-B13ECF075B20}.Debug|Any CPU.Deploy.0 = Debug|Any CPU
		{51B1C3FF-0445-4F08-8FBF-B13ECF075B20}.Release|Any CPU.ActiveCfg = Release|Any CPU
		{51B1C3FF-0445-4F08-8FBF-B13ECF075B20}.Release|Any CPU.Build.0 = Release|Any CPU
		{51B1C3FF-0445-4F08-8FBF-B13ECF075B20}.Release|Any CPU.Deploy.0 = Release|Any CPU
		{A0B526EF-2C50-4B78-A42A-C442CC929CFB}.Debug|Any CPU.ActiveCfg = Debug|Any CPU
		{A0B526EF-2C50-4B78-A42A-C442CC929CFB}.Debug|Any CPU.Build.0 = Debug|Any CPU
		{A0B526EF-2C50-4B78-A42A-C442CC929CFB}.Debug|Any CPU.Deploy.0 = Debug|Any CPU
		{A0B526EF-2C50-4B78-A42A-C442CC929CFB}.Release|Any CPU.ActiveCfg = Release|Any CPU
		{A0B526EF-2C50-4B78-A42A-C442CC929CFB}.Release|Any CPU.Build.0 = Release|Any CPU
		{A0B526EF-2C50-4B78-A42A-C442CC929CFB}.Release|Any CPU.Deploy.0 = Release|Any CPU
		{FE6236FD-B8B8-4D37-8803-437FC736D16A}.Debug|Any CPU.ActiveCfg = Debug|Any CPU
		{FE6236FD-B8B8-4D37-8803-437FC736D16A}.Debug|Any CPU.Build.0 = Debug|Any CPU
		{FE6236FD-B8B8-4D37-8803-437FC736D16A}.Debug|Any CPU.Deploy.0 = Debug|Any CPU
		{FE6236FD-B8B8-4D37-8803-437FC736D16A}.Release|Any CPU.ActiveCfg = Release|Any CPU
		{FE6236FD-B8B8-4D37-8803-437FC736D16A}.Release|Any CPU.Build.0 = Release|Any CPU
		{FE6236FD-B8B8-4D37-8803-437FC736D16A}.Release|Any CPU.Deploy.0 = Release|Any CPU
		{F657F027-0A4A-4DC5-85BF-A39E6E26D8D5}.Debug|Any CPU.ActiveCfg = Debug|Any CPU
		{F657F027-0A4A-4DC5-85BF-A39E6E26D8D5}.Debug|Any CPU.Build.0 = Debug|Any CPU
		{F657F027-0A4A-4DC5-85BF-A39E6E26D8D5}.Debug|Any CPU.Deploy.0 = Debug|Any CPU
		{F657F027-0A4A-4DC5-85BF-A39E6E26D8D5}.Release|Any CPU.ActiveCfg = Release|Any CPU
		{F657F027-0A4A-4DC5-85BF-A39E6E26D8D5}.Release|Any CPU.Build.0 = Release|Any CPU
		{F657F027-0A4A-4DC5-85BF-A39E6E26D8D5}.Release|Any CPU.Deploy.0 = Release|Any CPU
		{0FD258BF-C66A-4884-989C-B98647D3752D}.Debug|Any CPU.ActiveCfg = Debug|Any CPU
		{0FD258BF-C66A-4884-989C-B98647D3752D}.Debug|Any CPU.Build.0 = Debug|Any CPU
		{0FD258BF-C66A-4884-989C-B98647D3752D}.Debug|Any CPU.Deploy.0 = Debug|Any CPU
		{0FD258BF-C66A-4884-989C-B98647D3752D}.Release|Any CPU.ActiveCfg = Release|Any CPU
		{0FD258BF-C66A-4884-989C-B98647D3752D}.Release|Any CPU.Build.0 = Release|Any CPU
		{0FD258BF-C66A-4884-989C-B98647D3752D}.Release|Any CPU.Deploy.0 = Release|Any CPU
		{834743F1-1F84-4C41-ADA6-BF107A17974D}.Debug|Any CPU.ActiveCfg = Debug|Any CPU
		{834743F1-1F84-4C41-ADA6-BF107A17974D}.Debug|Any CPU.Build.0 = Debug|Any CPU
		{834743F1-1F84-4C41-ADA6-BF107A17974D}.Debug|Any CPU.Deploy.0 = Debug|Any CPU
		{834743F1-1F84-4C41-ADA6-BF107A17974D}.Release|Any CPU.ActiveCfg = Release|Any CPU
		{834743F1-1F84-4C41-ADA6-BF107A17974D}.Release|Any CPU.Build.0 = Release|Any CPU
		{834743F1-1F84-4C41-ADA6-BF107A17974D}.Release|Any CPU.Deploy.0 = Release|Any CPU
		{E2568279-65E7-4030-AB60-8796B23BA5C1}.Debug|Any CPU.ActiveCfg = Debug|Any CPU
		{E2568279-65E7-4030-AB60-8796B23BA5C1}.Debug|Any CPU.Build.0 = Debug|Any CPU
		{E2568279-65E7-4030-AB60-8796B23BA5C1}.Debug|Any CPU.Deploy.0 = Debug|Any CPU
		{E2568279-65E7-4030-AB60-8796B23BA5C1}.Release|Any CPU.ActiveCfg = Release|Any CPU
		{E2568279-65E7-4030-AB60-8796B23BA5C1}.Release|Any CPU.Build.0 = Release|Any CPU
		{E2568279-65E7-4030-AB60-8796B23BA5C1}.Release|Any CPU.Deploy.0 = Release|Any CPU
	EndGlobalSection
	GlobalSection(SolutionProperties) = preSolution
		HideSolutionNode = FALSE
	EndGlobalSection
	GlobalSection(ExtensibilityGlobals) = postSolution
		SolutionGuid = {2C0E4101-5554-48B0-8542-B8C6C21D49F0}
	EndGlobalSection
EndGlobal
